{
  "name": "witb-scripts",
  "version": "1.0.0",
  "lockfileVersion": 3,
  "requires": true,
  "packages": {
    "": {
      "name": "witb-scripts",
      "version": "1.0.0",
      "license": "MIT",
      "devDependencies": {
        "@minecraft/server": "^1.8.0-beta.1.20.50-preview.21"
      }
    },
    "node_modules/@minecraft/common": {
      "version": "1.1.0-rc.1.20.50-preview.21",
      "resolved": "https://registry.npmjs.org/@minecraft/common/-/common-1.1.0-rc.1.20.50-preview.21.tgz",
      "integrity": "sha512-iz6/bw2e4i51YyvyV2NN+Sn9FTNJNbGMNJI9IZ/565zv8IYNpjgJBMAZ5JQZT9LP3Zex8XfBhVU8NkocHetN9w==",
      "dev": true
    },
    "node_modules/@minecraft/server": {
      "version": "1.8.0-beta.1.20.50-preview.21",
      "resolved": "https://registry.npmjs.org/@minecraft/server/-/server-1.8.0-beta.1.20.50-preview.21.tgz",
      "integrity": "sha512-WyrRNsa9FLKP7nRrSjyw3IjjdRk7F9jBY9MWV10oHwozMAC43Yl1W27kb1WTFG6gT/Rz08Pc8X7a7S/wB9BZ9g==",
      "dev": true,
      "dependencies": {
        "@minecraft/common": "^1.1.0-rc.1.20.50-preview.21"
      }
    }
  }
}
